
Microsoft Visual Studio Solution File, Format Version 12.00
# Visual Studio 2013
VisualStudioVersion = 12.0.30723.0
MinimumVisualStudioVersion = 10.0.40219.1
Project("{FAE04EC0-301F-11D3-BF4B-00C04F79EFBC}") = "RnD.iBaaxWeb", "RnD.iBaaxWeb\RnD.iBaaxWeb.csproj", "{2BDA373A-828D-40B1-847D-67C09DC44B1E}"
EndProject
Project("{FAE04EC0-301F-11D3-BF4B-00C04F79EFBC}") = "RnD.iBaaxMvc", "RnD.iBaaxMvc\RnD.iBaaxMvc.csproj", "{CEC92DDA-533A-4A81-9B35-B5081B4C655A}"
EndProject
Project("{FAE04EC0-301F-11D3-BF4B-00C04F79EFBC}") = "RnD.iBaaxWebApi", "RnD.iBaaxWebApi\RnD.iBaaxWebApi.csproj", "{DFD6914A-80A1-4960-95A0-D74EC6247C06}"
EndProject
Project("{FAE04EC0-301F-11D3-BF4B-00C04F79EFBC}") = "RnD.iBaaxData", "RnD.iBaaxData\RnD.iBaaxData.csproj", "{E9F04813-C892-4A4C-AAE9-B2E64388A7FB}"
EndProject
Global
	GlobalSection(SolutionConfigurationPlatforms) = preSolution
		Debug|Any CPU = Debug|Any CPU
		Release|Any CPU = Release|Any CPU
	EndGlobalSection
	GlobalSection(ProjectConfigurationPlatforms) = postSolution
		{2BDA373A-828D-40B1-847D-67C09DC44B1E}.Debug|Any CPU.ActiveCfg = Debug|Any CPU
		{2BDA373A-828D-40B1-847D-67C09DC44B1E}.Debug|Any CPU.Build.0 = Debug|Any CPU
		{2BDA373A-828D-40B1-847D-67C09DC44B1E}.Release|Any CPU.ActiveCfg = Release|Any CPU
		{2BDA373A-828D-40B1-847D-67C09DC44B1E}.Release|Any CPU.Build.0 = Release|Any CPU
		{CEC92DDA-533A-4A81-9B35-B5081B4C655A}.Debug|Any CPU.ActiveCfg = Debug|Any CPU
		{CEC92DDA-533A-4A81-9B35-B5081B4C655A}.Debug|Any CPU.Build.0 = Debug|Any CPU
		{CEC92DDA-533A-4A81-9B35-B5081B4C655A}.Release|Any CPU.ActiveCfg = Release|Any CPU
		{CEC92DDA-533A-4A81-9B35-B5081B4C655A}.Release|Any CPU.Build.0 = Release|Any CPU
		{DFD6914A-80A1-4960-95A0-D74EC6247C06}.Debug|Any CPU.ActiveCfg = Debug|Any CPU
		{DFD6914A-80A1-4960-95A0-D74EC6247C06}.Debug|Any CPU.Build.0 = Debug|Any CPU
		{DFD6914A-80A1-4960-95A0-D74EC6247C06}.Release|Any CPU.ActiveCfg = Release|Any CPU
		{DFD6914A-80A1-4960-95A0-D74EC6247C06}.Release|Any CPU.Build.0 = Release|Any CPU
		{E9F04813-C892-4A4C-AAE9-B2E64388A7FB}.Debug|Any CPU.ActiveCfg = Debug|Any CPU
		{E9F04813-C892-4A4C-AAE9-B2E64388A7FB}.Debug|Any CPU.Build.0 = Debug|Any CPU
		{E9F04813-C892-4A4C-AAE9-B2E64388A7FB}.Release|Any CPU.ActiveCfg = Release|Any CPU
		{E9F04813-C892-4A4C-AAE9-B2E64388A7FB}.Release|Any CPU.Build.0 = Release|Any CPU
	EndGlobalSection
	GlobalSection(SolutionProperties) = preSolution
		HideSolutionNode = FALSE
	EndGlobalSection
EndGlobal
